
Microsoft Visual Studio Solution File, Format Version 12.00
# Visual Studio Version 16
VisualStudioVersion = 16.0.30804.86
MinimumVisualStudioVersion = 10.0.40219.1
Project("{FAE04EC0-301F-11D3-BF4B-00C04F79EFBC}") = "CodewarsChallenges", "CodewarsChallenges\CodewarsChallenges.csproj", "{FDA8B751-72F7-44C2-9780-394642C8DEF0}"
EndProject
Global
	GlobalSection(SolutionConfigurationPlatforms) = preSolution
		Debug|Any CPU = Debug|Any CPU
		Release|Any CPU = Release|Any CPU
	EndGlobalSection
	GlobalSection(ProjectConfigurationPlatforms) = postSolution
		{FDA8B751-72F7-44C2-9780-394642C8DEF0}.Debug|Any CPU.ActiveCfg = Debug|Any CPU
		{FDA8B751-72F7-44C2-9780-394642C8DEF0}.Debug|Any CPU.Build.0 = Debug|Any CPU
		{FDA8B751-72F7-44C2-9780-394642C8DEF0}.Release|Any CPU.ActiveCfg = Release|Any CPU
		{FDA8B751-72F7-44C2-9780-394642C8DEF0}.Release|Any CPU.Build.0 = Release|Any CPU
	EndGlobalSection
	GlobalSection(SolutionProperties) = preSolution
		HideSolutionNode = FALSE
	EndGlobalSection
	GlobalSection(ExtensibilityGlobals) = postSolution
		SolutionGuid = {D38641A8-BC62-4986-A323-80D84FC11BE4}
	EndGlobalSection
EndGlobal
